
Microsoft Visual Studio Solution File, Format Version 12.00
# Visual Studio Version 16
VisualStudioVersion = 16.0.31702.278
MinimumVisualStudioVersion = 10.0.40219.1
Project("{FAE04EC0-301F-11D3-BF4B-00C04F79EFBC}") = "NN", "NN\NN.csproj", "{7897BCA9-BA23-4B50-A4CD-455877145EC9}"
EndProject
Global
	GlobalSection(SolutionConfigurationPlatforms) = preSolution
		Debug|Any CPU = Debug|Any CPU
		Release|Any CPU = Release|Any CPU
	EndGlobalSection
	GlobalSection(ProjectConfigurationPlatforms) = postSolution
		{7897BCA9-BA23-4B50-A4CD-455877145EC9}.Debug|Any CPU.ActiveCfg = Debug|Any CPU
		{7897BCA9-BA23-4B50-A4CD-455877145EC9}.Debug|Any CPU.Build.0 = Debug|Any CPU
		{7897BCA9-BA23-4B50-A4CD-455877145EC9}.Release|Any CPU.ActiveCfg = Release|Any CPU
		{7897BCA9-BA23-4B50-A4CD-455877145EC9}.Release|Any CPU.Build.0 = Release|Any CPU
	EndGlobalSection
	GlobalSection(SolutionProperties) = preSolution
		HideSolutionNode = FALSE
	EndGlobalSection
	GlobalSection(ExtensibilityGlobals) = postSolution
		SolutionGuid = {3BB43AAF-306A-4311-AA30-D8B4B1F101AD}
	EndGlobalSection
EndGlobal
